// !$*UTF8*$!
{
	archiveVersion = 1;
	classes = {
	};
	objectVersion = 56;
	objects = {

/* Begin PBXBuildFile section */
		8E2F75B92B545CA100ED79C5 /* CreateTournamentView.swift in Sources */ = {isa = PBXBuildFile; fileRef = 8E2F75B82B545CA100ED79C5 /* CreateTournamentView.swift */; };
		8E2F75BB2B545DE400ED79C5 /* CreateTournamentViewModel.swift in Sources */ = {isa = PBXBuildFile; fileRef = 8E2F75BA2B545DE400ED79C5 /* CreateTournamentViewModel.swift */; };
		8E3B702C2B53EF590036F82C /* ProfileViewModel.swift in Sources */ = {isa = PBXBuildFile; fileRef = 8E3B702B2B53EF590036F82C /* ProfileViewModel.swift */; };
		8E3B702E2B543D110036F82C /* InvitationListView.swift in Sources */ = {isa = PBXBuildFile; fileRef = 8E3B702D2B543D110036F82C /* InvitationListView.swift */; };
		8E3B70302B543E680036F82C /* InvitationListViewModel.swift in Sources */ = {isa = PBXBuildFile; fileRef = 8E3B702F2B543E680036F82C /* InvitationListViewModel.swift */; };
		8E3B70322B544A450036F82C /* InviteRow.swift in Sources */ = {isa = PBXBuildFile; fileRef = 8E3B70312B544A450036F82C /* InviteRow.swift */; };
		8E3B70352B544B3D0036F82C /* LocalStorageManager.swift in Sources */ = {isa = PBXBuildFile; fileRef = 8E3B70342B544B3D0036F82C /* LocalStorageManager.swift */; };
		8E3B70372B5451AF0036F82C /* Color+App.swift in Sources */ = {isa = PBXBuildFile; fileRef = 8E3B70362B5451AF0036F82C /* Color+App.swift */; };
		8E54C87C2B5138C400C5E70B /* Invite.swift in Sources */ = {isa = PBXBuildFile; fileRef = 8E54C87B2B5138C400C5E70B /* Invite.swift */; };
		8E54C87E2B5144B700C5E70B /* APIClient.swift in Sources */ = {isa = PBXBuildFile; fileRef = 8E54C87D2B5144B700C5E70B /* APIClient.swift */; };
		8E54C8802B5145A600C5E70B /* SignInView.swift in Sources */ = {isa = PBXBuildFile; fileRef = 8E54C87F2B5145A600C5E70B /* SignInView.swift */; };
		8E54C8822B5147FE00C5E70B /* Font+App.swift in Sources */ = {isa = PBXBuildFile; fileRef = 8E54C8812B5147FE00C5E70B /* Font+App.swift */; };
		8E54C8852B51485100C5E70B /* ButtonStyle.swift in Sources */ = {isa = PBXBuildFile; fileRef = 8E54C8842B51485100C5E70B /* ButtonStyle.swift */; };
		8E54C8872B514CCA00C5E70B /* UserService.swift in Sources */ = {isa = PBXBuildFile; fileRef = 8E54C8862B514CCA00C5E70B /* UserService.swift */; };
		8E54C88A2B514D8500C5E70B /* SignInViewModel.swift in Sources */ = {isa = PBXBuildFile; fileRef = 8E54C8892B514D8500C5E70B /* SignInViewModel.swift */; };
		8E54C88D2B51522500C5E70B /* HomeView.swift in Sources */ = {isa = PBXBuildFile; fileRef = 8E54C88C2B51522500C5E70B /* HomeView.swift */; };
		8E54C8902B5152D700C5E70B /* ProfileView.swift in Sources */ = {isa = PBXBuildFile; fileRef = 8E54C88F2B5152D700C5E70B /* ProfileView.swift */; };
		8E54C8922B51737F00C5E70B /* EmptyView.swift in Sources */ = {isa = PBXBuildFile; fileRef = 8E54C8912B51737F00C5E70B /* EmptyView.swift */; };
		8E54C8952B5177A000C5E70B /* CameraView.swift in Sources */ = {isa = PBXBuildFile; fileRef = 8E54C8942B5177A000C5E70B /* CameraView.swift */; };
		8EC9C7F62B4ED2A000634773 /* RequestFactory.swift in Sources */ = {isa = PBXBuildFile; fileRef = 8EC9C7F52B4ED2A000634773 /* RequestFactory.swift */; };
		8EE48C7A2B4EC88A0005FEDD /* TournamentService.swift in Sources */ = {isa = PBXBuildFile; fileRef = 8EE48C792B4EC88A0005FEDD /* TournamentService.swift */; };
		8EE48C7C2B4EC8E10005FEDD /* ServiceFactory.swift in Sources */ = {isa = PBXBuildFile; fileRef = 8EE48C7B2B4EC8E10005FEDD /* ServiceFactory.swift */; };
		8EE48C7E2B4EC99D0005FEDD /* Tournament.swift in Sources */ = {isa = PBXBuildFile; fileRef = 8EE48C7D2B4EC99D0005FEDD /* Tournament.swift */; };
		8EE48C802B4ECA600005FEDD /* Match.swift in Sources */ = {isa = PBXBuildFile; fileRef = 8EE48C7F2B4ECA600005FEDD /* Match.swift */; };
		8EE4F9DA2B519010003135F6 /* ScoreboardModeRow.swift in Sources */ = {isa = PBXBuildFile; fileRef = 8EE4F9D92B519010003135F6 /* ScoreboardModeRow.swift */; };
		8EECED372B4D9871006AD079 /* OfficeTournamentApp.swift in Sources */ = {isa = PBXBuildFile; fileRef = 8EECED362B4D9871006AD079 /* OfficeTournamentApp.swift */; };
		8EECED3B2B4D9872006AD079 /* Assets.xcassets in Resources */ = {isa = PBXBuildFile; fileRef = 8EECED3A2B4D9872006AD079 /* Assets.xcassets */; };
		8EECED3E2B4D9872006AD079 /* Preview Assets.xcassets in Resources */ = {isa = PBXBuildFile; fileRef = 8EECED3D2B4D9872006AD079 /* Preview Assets.xcassets */; };
		8EECED492B4D9958006AD079 /* LogInView.swift in Sources */ = {isa = PBXBuildFile; fileRef = 8EECED482B4D9958006AD079 /* LogInView.swift */; };
		8EECED4C2B4D9BFA006AD079 /* LogInViewModel.swift in Sources */ = {isa = PBXBuildFile; fileRef = 8EECED4B2B4D9BFA006AD079 /* LogInViewModel.swift */; };
		8EECED4F2B4D9E06006AD079 /* WelcomeView.swift in Sources */ = {isa = PBXBuildFile; fileRef = 8EECED4E2B4D9E06006AD079 /* WelcomeView.swift */; };
		8EECED512B4D9F7D006AD079 /* ScoreboardView.swift in Sources */ = {isa = PBXBuildFile; fileRef = 8EECED502B4D9F7D006AD079 /* ScoreboardView.swift */; };
		8EECED532B4DA042006AD079 /* TournamentViewModel.swift in Sources */ = {isa = PBXBuildFile; fileRef = 8EECED522B4DA042006AD079 /* TournamentViewModel.swift */; };
		8EECED582B4DA0C9006AD079 /* User.swift in Sources */ = {isa = PBXBuildFile; fileRef = 8EECED572B4DA0C9006AD079 /* User.swift */; };
		8EECED5A2B4DA12A006AD079 /* TournamentView.swift in Sources */ = {isa = PBXBuildFile; fileRef = 8EECED592B4DA12A006AD079 /* TournamentView.swift */; };
		8EECED5E2B4DA195006AD079 /* HeaderView.swift in Sources */ = {isa = PBXBuildFile; fileRef = 8EECED5D2B4DA195006AD079 /* HeaderView.swift */; };
		8EECED602B4DA23C006AD079 /* PlayerRow.swift in Sources */ = {isa = PBXBuildFile; fileRef = 8EECED5F2B4DA23C006AD079 /* PlayerRow.swift */; };
		8EF32D762B517F56000EB06C /* MainMenuView.swift in Sources */ = {isa = PBXBuildFile; fileRef = 8EF32D752B517F56000EB06C /* MainMenuView.swift */; };
/* End PBXBuildFile section */

/* Begin PBXFileReference section */
		8E2F75B82B545CA100ED79C5 /* CreateTournamentView.swift */ = {isa = PBXFileReference; lastKnownFileType = sourcecode.swift; path = CreateTournamentView.swift; sourceTree = "<group>"; };
		8E2F75BA2B545DE400ED79C5 /* CreateTournamentViewModel.swift */ = {isa = PBXFileReference; lastKnownFileType = sourcecode.swift; path = CreateTournamentViewModel.swift; sourceTree = "<group>"; };
		8E3B702B2B53EF590036F82C /* ProfileViewModel.swift */ = {isa = PBXFileReference; lastKnownFileType = sourcecode.swift; path = ProfileViewModel.swift; sourceTree = "<group>"; };
		8E3B702D2B543D110036F82C /* InvitationListView.swift */ = {isa = PBXFileReference; lastKnownFileType = sourcecode.swift; path = InvitationListView.swift; sourceTree = "<group>"; };
		8E3B702F2B543E680036F82C /* InvitationListViewModel.swift */ = {isa = PBXFileReference; lastKnownFileType = sourcecode.swift; path = InvitationListViewModel.swift; sourceTree = "<group>"; };
		8E3B70312B544A450036F82C /* InviteRow.swift */ = {isa = PBXFileReference; lastKnownFileType = sourcecode.swift; path = InviteRow.swift; sourceTree = "<group>"; };
		8E3B70342B544B3D0036F82C /* LocalStorageManager.swift */ = {isa = PBXFileReference; lastKnownFileType = sourcecode.swift; path = LocalStorageManager.swift; sourceTree = "<group>"; };
		8E3B70362B5451AF0036F82C /* Color+App.swift */ = {isa = PBXFileReference; lastKnownFileType = sourcecode.swift; path = "Color+App.swift"; sourceTree = "<group>"; };
		8E54C87B2B5138C400C5E70B /* Invite.swift */ = {isa = PBXFileReference; lastKnownFileType = sourcecode.swift; path = Invite.swift; sourceTree = "<group>"; };
		8E54C87D2B5144B700C5E70B /* APIClient.swift */ = {isa = PBXFileReference; lastKnownFileType = sourcecode.swift; path = APIClient.swift; sourceTree = "<group>"; };
		8E54C87F2B5145A600C5E70B /* SignInView.swift */ = {isa = PBXFileReference; lastKnownFileType = sourcecode.swift; path = SignInView.swift; sourceTree = "<group>"; };
		8E54C8812B5147FE00C5E70B /* Font+App.swift */ = {isa = PBXFileReference; lastKnownFileType = sourcecode.swift; path = "Font+App.swift"; sourceTree = "<group>"; };
		8E54C8842B51485100C5E70B /* ButtonStyle.swift */ = {isa = PBXFileReference; lastKnownFileType = sourcecode.swift; path = ButtonStyle.swift; sourceTree = "<group>"; };
		8E54C8862B514CCA00C5E70B /* UserService.swift */ = {isa = PBXFileReference; lastKnownFileType = sourcecode.swift; path = UserService.swift; sourceTree = "<group>"; };
		8E54C8892B514D8500C5E70B /* SignInViewModel.swift */ = {isa = PBXFileReference; lastKnownFileType = sourcecode.swift; path = SignInViewModel.swift; sourceTree = "<group>"; };
		8E54C88C2B51522500C5E70B /* HomeView.swift */ = {isa = PBXFileReference; lastKnownFileType = sourcecode.swift; path = HomeView.swift; sourceTree = "<group>"; };
		8E54C88F2B5152D700C5E70B /* ProfileView.swift */ = {isa = PBXFileReference; lastKnownFileType = sourcecode.swift; path = ProfileView.swift; sourceTree = "<group>"; };
		8E54C8912B51737F00C5E70B /* EmptyView.swift */ = {isa = PBXFileReference; lastKnownFileType = sourcecode.swift; path = EmptyView.swift; sourceTree = "<group>"; };
		8E54C8942B5177A000C5E70B /* CameraView.swift */ = {isa = PBXFileReference; lastKnownFileType = sourcecode.swift; path = CameraView.swift; sourceTree = "<group>"; };
		8EC9C7F52B4ED2A000634773 /* RequestFactory.swift */ = {isa = PBXFileReference; lastKnownFileType = sourcecode.swift; path = RequestFactory.swift; sourceTree = "<group>"; };
		8EE48C792B4EC88A0005FEDD /* TournamentService.swift */ = {isa = PBXFileReference; lastKnownFileType = sourcecode.swift; path = TournamentService.swift; sourceTree = "<group>"; };
		8EE48C7B2B4EC8E10005FEDD /* ServiceFactory.swift */ = {isa = PBXFileReference; lastKnownFileType = sourcecode.swift; path = ServiceFactory.swift; sourceTree = "<group>"; };
		8EE48C7D2B4EC99D0005FEDD /* Tournament.swift */ = {isa = PBXFileReference; lastKnownFileType = sourcecode.swift; path = Tournament.swift; sourceTree = "<group>"; };
		8EE48C7F2B4ECA600005FEDD /* Match.swift */ = {isa = PBXFileReference; lastKnownFileType = sourcecode.swift; path = Match.swift; sourceTree = "<group>"; };
		8EE4F9D92B519010003135F6 /* ScoreboardModeRow.swift */ = {isa = PBXFileReference; lastKnownFileType = sourcecode.swift; path = ScoreboardModeRow.swift; sourceTree = "<group>"; };
		8EECED332B4D9871006AD079 /* OfficeTournament.app */ = {isa = PBXFileReference; explicitFileType = wrapper.application; includeInIndex = 0; path = OfficeTournament.app; sourceTree = BUILT_PRODUCTS_DIR; };
		8EECED362B4D9871006AD079 /* OfficeTournamentApp.swift */ = {isa = PBXFileReference; lastKnownFileType = sourcecode.swift; path = OfficeTournamentApp.swift; sourceTree = "<group>"; };
		8EECED3A2B4D9872006AD079 /* Assets.xcassets */ = {isa = PBXFileReference; lastKnownFileType = folder.assetcatalog; path = Assets.xcassets; sourceTree = "<group>"; };
		8EECED3D2B4D9872006AD079 /* Preview Assets.xcassets */ = {isa = PBXFileReference; lastKnownFileType = folder.assetcatalog; path = "Preview Assets.xcassets"; sourceTree = "<group>"; };
		8EECED482B4D9958006AD079 /* LogInView.swift */ = {isa = PBXFileReference; lastKnownFileType = sourcecode.swift; path = LogInView.swift; sourceTree = "<group>"; };
		8EECED4B2B4D9BFA006AD079 /* LogInViewModel.swift */ = {isa = PBXFileReference; lastKnownFileType = sourcecode.swift; path = LogInViewModel.swift; sourceTree = "<group>"; };
		8EECED4E2B4D9E06006AD079 /* WelcomeView.swift */ = {isa = PBXFileReference; lastKnownFileType = sourcecode.swift; path = WelcomeView.swift; sourceTree = "<group>"; };
		8EECED502B4D9F7D006AD079 /* ScoreboardView.swift */ = {isa = PBXFileReference; lastKnownFileType = sourcecode.swift; path = ScoreboardView.swift; sourceTree = "<group>"; };
		8EECED522B4DA042006AD079 /* TournamentViewModel.swift */ = {isa = PBXFileReference; lastKnownFileType = sourcecode.swift; path = TournamentViewModel.swift; sourceTree = "<group>"; };
		8EECED572B4DA0C9006AD079 /* User.swift */ = {isa = PBXFileReference; lastKnownFileType = sourcecode.swift; path = User.swift; sourceTree = "<group>"; };
		8EECED592B4DA12A006AD079 /* TournamentView.swift */ = {isa = PBXFileReference; lastKnownFileType = sourcecode.swift; path = TournamentView.swift; sourceTree = "<group>"; };
		8EECED5D2B4DA195006AD079 /* HeaderView.swift */ = {isa = PBXFileReference; lastKnownFileType = sourcecode.swift; path = HeaderView.swift; sourceTree = "<group>"; };
		8EECED5F2B4DA23C006AD079 /* PlayerRow.swift */ = {isa = PBXFileReference; lastKnownFileType = sourcecode.swift; path = PlayerRow.swift; sourceTree = "<group>"; };
		8EF32D752B517F56000EB06C /* MainMenuView.swift */ = {isa = PBXFileReference; lastKnownFileType = sourcecode.swift; path = MainMenuView.swift; sourceTree = "<group>"; };
/* End PBXFileReference section */

/* Begin PBXFrameworksBuildPhase section */
		8EECED302B4D9871006AD079 /* Frameworks */ = {
			isa = PBXFrameworksBuildPhase;
			buildActionMask = 2147483647;
			files = (
			);
			runOnlyForDeploymentPostprocessing = 0;
		};
/* End PBXFrameworksBuildPhase section */

/* Begin PBXGroup section */
		8E3B70292B53EF3A0036F82C /* Profile */ = {
			isa = PBXGroup;
			children = (
				8E54C88F2B5152D700C5E70B /* ProfileView.swift */,
				8E3B702B2B53EF590036F82C /* ProfileViewModel.swift */,
			);
			path = Profile;
			sourceTree = "<group>";
		};
		8E3B70332B544B290036F82C /* Utils */ = {
			isa = PBXGroup;
			children = (
				8E3B70342B544B3D0036F82C /* LocalStorageManager.swift */,
			);
			path = Utils;
			sourceTree = "<group>";
		};
		8E54C8832B51484400C5E70B /* Shared */ = {
			isa = PBXGroup;
			children = (
				8E54C8842B51485100C5E70B /* ButtonStyle.swift */,
			);
			path = Shared;
			sourceTree = "<group>";
		};
		8E54C8882B514D7700C5E70B /* SignIn */ = {
			isa = PBXGroup;
			children = (
				8E54C87F2B5145A600C5E70B /* SignInView.swift */,
				8E54C8892B514D8500C5E70B /* SignInViewModel.swift */,
			);
			path = SignIn;
			sourceTree = "<group>";
		};
		8E54C88B2B5151F600C5E70B /* Home */ = {
			isa = PBXGroup;
			children = (
				8E54C88E2B5152C600C5E70B /* Views */,
			);
			path = Home;
			sourceTree = "<group>";
		};
		8E54C88E2B5152C600C5E70B /* Views */ = {
			isa = PBXGroup;
			children = (
				8E54C8942B5177A000C5E70B /* CameraView.swift */,
				8E54C88C2B51522500C5E70B /* HomeView.swift */,
				8E54C8912B51737F00C5E70B /* EmptyView.swift */,
				8EF32D752B517F56000EB06C /* MainMenuView.swift */,
			);
			path = Views;
			sourceTree = "<group>";
		};
		8EC9C7F42B4ED27C00634773 /* Request */ = {
			isa = PBXGroup;
			children = (
				8E54C87D2B5144B700C5E70B /* APIClient.swift */,
				8EC9C7F52B4ED2A000634773 /* RequestFactory.swift */,
			);
			path = Request;
			sourceTree = "<group>";
		};
		8EECED2A2B4D9871006AD079 = {
			isa = PBXGroup;
			children = (
				8EECED352B4D9871006AD079 /* OfficeTournament */,
				8EECED342B4D9871006AD079 /* Products */,
			);
			sourceTree = "<group>";
		};
		8EECED342B4D9871006AD079 /* Products */ = {
			isa = PBXGroup;
			children = (
				8EECED332B4D9871006AD079 /* OfficeTournament.app */,
			);
			name = Products;
			sourceTree = "<group>";
		};
		8EECED352B4D9871006AD079 /* OfficeTournament */ = {
			isa = PBXGroup;
			children = (
				8E3B70332B544B290036F82C /* Utils */,
				8EECED542B4DA081006AD079 /* Entities */,
				8EECED4D2B4D9C41006AD079 /* Extensions */,
				8EECED452B4D988C006AD079 /* Services */,
				8EECED442B4D9883006AD079 /* Screens */,
				8EECED362B4D9871006AD079 /* OfficeTournamentApp.swift */,
				8EECED3A2B4D9872006AD079 /* Assets.xcassets */,
				8EECED3C2B4D9872006AD079 /* Preview Content */,
			);
			path = OfficeTournament;
			sourceTree = "<group>";
		};
		8EECED3C2B4D9872006AD079 /* Preview Content */ = {
			isa = PBXGroup;
			children = (
				8EECED3D2B4D9872006AD079 /* Preview Assets.xcassets */,
			);
			path = "Preview Content";
			sourceTree = "<group>";
		};
		8EECED442B4D9883006AD079 /* Screens */ = {
			isa = PBXGroup;
			children = (
				8E3B70292B53EF3A0036F82C /* Profile */,
				8E54C88B2B5151F600C5E70B /* Home */,
				8E54C8832B51484400C5E70B /* Shared */,
				8E54C8882B514D7700C5E70B /* SignIn */,
				8EECED472B4D991F006AD079 /* Tournament */,
				8EECED462B4D98CC006AD079 /* Welcome */,
			);
			path = Screens;
			sourceTree = "<group>";
		};
		8EECED452B4D988C006AD079 /* Services */ = {
			isa = PBXGroup;
			children = (
				8EC9C7F42B4ED27C00634773 /* Request */,
				8EE48C792B4EC88A0005FEDD /* TournamentService.swift */,
				8EE48C7B2B4EC8E10005FEDD /* ServiceFactory.swift */,
				8E54C8862B514CCA00C5E70B /* UserService.swift */,
			);
			path = Services;
			sourceTree = "<group>";
		};
		8EECED462B4D98CC006AD079 /* Welcome */ = {
			isa = PBXGroup;
			children = (
				8EECED4E2B4D9E06006AD079 /* WelcomeView.swift */,
			);
			path = Welcome;
			sourceTree = "<group>";
		};
		8EECED472B4D991F006AD079 /* Tournament */ = {
			isa = PBXGroup;
			children = (
				8EECED5C2B4DA170006AD079 /* ViewModels */,
				8EECED5B2B4DA158006AD079 /* Views */,
			);
			path = Tournament;
			sourceTree = "<group>";
		};
		8EECED4D2B4D9C41006AD079 /* Extensions */ = {
			isa = PBXGroup;
			children = (
				8E54C8812B5147FE00C5E70B /* Font+App.swift */,
				8E3B70362B5451AF0036F82C /* Color+App.swift */,
			);
			path = Extensions;
			sourceTree = "<group>";
		};
		8EECED542B4DA081006AD079 /* Entities */ = {
			isa = PBXGroup;
			children = (
				8EECED572B4DA0C9006AD079 /* User.swift */,
				8EE48C7D2B4EC99D0005FEDD /* Tournament.swift */,
				8EE48C7F2B4ECA600005FEDD /* Match.swift */,
				8E54C87B2B5138C400C5E70B /* Invite.swift */,
			);
			path = Entities;
			sourceTree = "<group>";
		};
		8EECED5B2B4DA158006AD079 /* Views */ = {
			isa = PBXGroup;
			children = (
				8EECED5D2B4DA195006AD079 /* HeaderView.swift */,
				8EECED482B4D9958006AD079 /* LogInView.swift */,
				8EECED5F2B4DA23C006AD079 /* PlayerRow.swift */,
				8EE4F9D92B519010003135F6 /* ScoreboardModeRow.swift */,
				8EECED502B4D9F7D006AD079 /* ScoreboardView.swift */,
				8EECED592B4DA12A006AD079 /* TournamentView.swift */,
				8E3B702D2B543D110036F82C /* InvitationListView.swift */,
				8E3B70312B544A450036F82C /* InviteRow.swift */,
				8E2F75B82B545CA100ED79C5 /* CreateTournamentView.swift */,
			);
			path = Views;
			sourceTree = "<group>";
		};
		8EECED5C2B4DA170006AD079 /* ViewModels */ = {
			isa = PBXGroup;
			children = (
				8EECED522B4DA042006AD079 /* TournamentViewModel.swift */,
				8EECED4B2B4D9BFA006AD079 /* LogInViewModel.swift */,
				8E3B702F2B543E680036F82C /* InvitationListViewModel.swift */,
				8E2F75BA2B545DE400ED79C5 /* CreateTournamentViewModel.swift */,
			);
			path = ViewModels;
			sourceTree = "<group>";
		};
/* End PBXGroup section */

/* Begin PBXNativeTarget section */
		8EECED322B4D9871006AD079 /* OfficeTournament */ = {
			isa = PBXNativeTarget;
			buildConfigurationList = 8EECED412B4D9872006AD079 /* Build configuration list for PBXNativeTarget "OfficeTournament" */;
			buildPhases = (
				8EECED2F2B4D9871006AD079 /* Sources */,
				8EECED302B4D9871006AD079 /* Frameworks */,
				8EECED312B4D9871006AD079 /* Resources */,
			);
			buildRules = (
			);
			dependencies = (
			);
			name = OfficeTournament;
			productName = OfficeTournament;
			productReference = 8EECED332B4D9871006AD079 /* OfficeTournament.app */;
			productType = "com.apple.product-type.application";
		};
/* End PBXNativeTarget section */

/* Begin PBXProject section */
		8EECED2B2B4D9871006AD079 /* Project object */ = {
			isa = PBXProject;
			attributes = {
				BuildIndependentTargetsInParallel = 1;
				LastSwiftUpdateCheck = 1520;
				LastUpgradeCheck = 1520;
				TargetAttributes = {
					8EECED322B4D9871006AD079 = {
						CreatedOnToolsVersion = 15.2;
					};
				};
			};
			buildConfigurationList = 8EECED2E2B4D9871006AD079 /* Build configuration list for PBXProject "OfficeTournament" */;
			compatibilityVersion = "Xcode 14.0";
			developmentRegion = en;
			hasScannedForEncodings = 0;
			knownRegions = (
				en,
				Base,
			);
			mainGroup = 8EECED2A2B4D9871006AD079;
			productRefGroup = 8EECED342B4D9871006AD079 /* Products */;
			projectDirPath = "";
			projectRoot = "";
			targets = (
				8EECED322B4D9871006AD079 /* OfficeTournament */,
			);
		};
/* End PBXProject section */

/* Begin PBXResourcesBuildPhase section */
		8EECED312B4D9871006AD079 /* Resources */ = {
			isa = PBXResourcesBuildPhase;
			buildActionMask = 2147483647;
			files = (
				8EECED3E2B4D9872006AD079 /* Preview Assets.xcassets in Resources */,
				8EECED3B2B4D9872006AD079 /* Assets.xcassets in Resources */,
			);
			runOnlyForDeploymentPostprocessing = 0;
		};
/* End PBXResourcesBuildPhase section */

/* Begin PBXSourcesBuildPhase section */
		8EECED2F2B4D9871006AD079 /* Sources */ = {
			isa = PBXSourcesBuildPhase;
			buildActionMask = 2147483647;
			files = (
				8EC9C7F62B4ED2A000634773 /* RequestFactory.swift in Sources */,
				8EE48C7E2B4EC99D0005FEDD /* Tournament.swift in Sources */,
				8E3B702C2B53EF590036F82C /* ProfileViewModel.swift in Sources */,
				8EE48C7A2B4EC88A0005FEDD /* TournamentService.swift in Sources */,
				8EECED372B4D9871006AD079 /* OfficeTournamentApp.swift in Sources */,
				8E54C88A2B514D8500C5E70B /* SignInViewModel.swift in Sources */,
				8EECED4C2B4D9BFA006AD079 /* LogInViewModel.swift in Sources */,
				8E2F75BB2B545DE400ED79C5 /* CreateTournamentViewModel.swift in Sources */,
				8E3B70372B5451AF0036F82C /* Color+App.swift in Sources */,
				8EECED5A2B4DA12A006AD079 /* TournamentView.swift in Sources */,
				8E54C8902B5152D700C5E70B /* ProfileView.swift in Sources */,
				8E2F75B92B545CA100ED79C5 /* CreateTournamentView.swift in Sources */,
				8E54C8872B514CCA00C5E70B /* UserService.swift in Sources */,
				8E54C8852B51485100C5E70B /* ButtonStyle.swift in Sources */,
				8EECED492B4D9958006AD079 /* LogInView.swift in Sources */,
				8EE48C7C2B4EC8E10005FEDD /* ServiceFactory.swift in Sources */,
				8EECED532B4DA042006AD079 /* TournamentViewModel.swift in Sources */,
				8EE48C802B4ECA600005FEDD /* Match.swift in Sources */,
				8E54C8922B51737F00C5E70B /* EmptyView.swift in Sources */,
				8E54C8802B5145A600C5E70B /* SignInView.swift in Sources */,
				8E3B70322B544A450036F82C /* InviteRow.swift in Sources */,
				8E54C87C2B5138C400C5E70B /* Invite.swift in Sources */,
				8E54C8822B5147FE00C5E70B /* Font+App.swift in Sources */,
				8EECED5E2B4DA195006AD079 /* HeaderView.swift in Sources */,
				8EECED582B4DA0C9006AD079 /* User.swift in Sources */,
				8E54C8952B5177A000C5E70B /* CameraView.swift in Sources */,
				8EF32D762B517F56000EB06C /* MainMenuView.swift in Sources */,
				8E3B70352B544B3D0036F82C /* LocalStorageManager.swift in Sources */,
				8EECED4F2B4D9E06006AD079 /* WelcomeView.swift in Sources */,
				8EE4F9DA2B519010003135F6 /* ScoreboardModeRow.swift in Sources */,
				8E3B70302B543E680036F82C /* InvitationListViewModel.swift in Sources */,
				8EECED602B4DA23C006AD079 /* PlayerRow.swift in Sources */,
				8E3B702E2B543D110036F82C /* InvitationListView.swift in Sources */,
				8E54C88D2B51522500C5E70B /* HomeView.swift in Sources */,
				8EECED512B4D9F7D006AD079 /* ScoreboardView.swift in Sources */,
				8E54C87E2B5144B700C5E70B /* APIClient.swift in Sources */,
			);
			runOnlyForDeploymentPostprocessing = 0;
		};
/* End PBXSourcesBuildPhase section */

/* Begin XCBuildConfiguration section */
		8EECED3F2B4D9872006AD079 /* Debug */ = {
			isa = XCBuildConfiguration;
			buildSettings = {
				ALWAYS_SEARCH_USER_PATHS = NO;
				ASSETCATALOG_COMPILER_GENERATE_SWIFT_ASSET_SYMBOL_EXTENSIONS = YES;
				CLANG_ANALYZER_NONNULL = YES;
				CLANG_ANALYZER_NUMBER_OBJECT_CONVERSION = YES_AGGRESSIVE;
				CLANG_CXX_LANGUAGE_STANDARD = "gnu++20";
				CLANG_ENABLE_MODULES = YES;
				CLANG_ENABLE_OBJC_ARC = YES;
				CLANG_ENABLE_OBJC_WEAK = YES;
				CLANG_WARN_BLOCK_CAPTURE_AUTORELEASING = YES;
				CLANG_WARN_BOOL_CONVERSION = YES;
				CLANG_WARN_COMMA = YES;
				CLANG_WARN_CONSTANT_CONVERSION = YES;
				CLANG_WARN_DEPRECATED_OBJC_IMPLEMENTATIONS = YES;
				CLANG_WARN_DIRECT_OBJC_ISA_USAGE = YES_ERROR;
				CLANG_WARN_DOCUMENTATION_COMMENTS = YES;
				CLANG_WARN_EMPTY_BODY = YES;
				CLANG_WARN_ENUM_CONVERSION = YES;
				CLANG_WARN_INFINITE_RECURSION = YES;
				CLANG_WARN_INT_CONVERSION = YES;
				CLANG_WARN_NON_LITERAL_NULL_CONVERSION = YES;
				CLANG_WARN_OBJC_IMPLICIT_RETAIN_SELF = YES;
				CLANG_WARN_OBJC_LITERAL_CONVERSION = YES;
				CLANG_WARN_OBJC_ROOT_CLASS = YES_ERROR;
				CLANG_WARN_QUOTED_INCLUDE_IN_FRAMEWORK_HEADER = YES;
				CLANG_WARN_RANGE_LOOP_ANALYSIS = YES;
				CLANG_WARN_STRICT_PROTOTYPES = YES;
				CLANG_WARN_SUSPICIOUS_MOVE = YES;
				CLANG_WARN_UNGUARDED_AVAILABILITY = YES_AGGRESSIVE;
				CLANG_WARN_UNREACHABLE_CODE = YES;
				CLANG_WARN__DUPLICATE_METHOD_MATCH = YES;
				COPY_PHASE_STRIP = NO;
				DEBUG_INFORMATION_FORMAT = dwarf;
				ENABLE_STRICT_OBJC_MSGSEND = YES;
				ENABLE_TESTABILITY = YES;
				ENABLE_USER_SCRIPT_SANDBOXING = YES;
				GCC_C_LANGUAGE_STANDARD = gnu17;
				GCC_DYNAMIC_NO_PIC = NO;
				GCC_NO_COMMON_BLOCKS = YES;
				GCC_OPTIMIZATION_LEVEL = 0;
				GCC_PREPROCESSOR_DEFINITIONS = (
					"DEBUG=1",
					"$(inherited)",
				);
				GCC_WARN_64_TO_32_BIT_CONVERSION = YES;
				GCC_WARN_ABOUT_RETURN_TYPE = YES_ERROR;
				GCC_WARN_UNDECLARED_SELECTOR = YES;
				GCC_WARN_UNINITIALIZED_AUTOS = YES_AGGRESSIVE;
				GCC_WARN_UNUSED_FUNCTION = YES;
				GCC_WARN_UNUSED_VARIABLE = YES;
				IPHONEOS_DEPLOYMENT_TARGET = 17.2;
				LOCALIZATION_PREFERS_STRING_CATALOGS = YES;
				MTL_ENABLE_DEBUG_INFO = INCLUDE_SOURCE;
				MTL_FAST_MATH = YES;
				ONLY_ACTIVE_ARCH = YES;
				SDKROOT = iphoneos;
				SWIFT_ACTIVE_COMPILATION_CONDITIONS = "DEBUG $(inherited)";
				SWIFT_OPTIMIZATION_LEVEL = "-Onone";
			};
			name = Debug;
		};
		8EECED402B4D9872006AD079 /* Release */ = {
			isa = XCBuildConfiguration;
			buildSettings = {
				ALWAYS_SEARCH_USER_PATHS = NO;
				ASSETCATALOG_COMPILER_GENERATE_SWIFT_ASSET_SYMBOL_EXTENSIONS = YES;
				CLANG_ANALYZER_NONNULL = YES;
				CLANG_ANALYZER_NUMBER_OBJECT_CONVERSION = YES_AGGRESSIVE;
				CLANG_CXX_LANGUAGE_STANDARD = "gnu++20";
				CLANG_ENABLE_MODULES = YES;
				CLANG_ENABLE_OBJC_ARC = YES;
				CLANG_ENABLE_OBJC_WEAK = YES;
				CLANG_WARN_BLOCK_CAPTURE_AUTORELEASING = YES;
				CLANG_WARN_BOOL_CONVERSION = YES;
				CLANG_WARN_COMMA = YES;
				CLANG_WARN_CONSTANT_CONVERSION = YES;
				CLANG_WARN_DEPRECATED_OBJC_IMPLEMENTATIONS = YES;
				CLANG_WARN_DIRECT_OBJC_ISA_USAGE = YES_ERROR;
				CLANG_WARN_DOCUMENTATION_COMMENTS = YES;
				CLANG_WARN_EMPTY_BODY = YES;
				CLANG_WARN_ENUM_CONVERSION = YES;
				CLANG_WARN_INFINITE_RECURSION = YES;
				CLANG_WARN_INT_CONVERSION = YES;
				CLANG_WARN_NON_LITERAL_NULL_CONVERSION = YES;
				CLANG_WARN_OBJC_IMPLICIT_RETAIN_SELF = YES;
				CLANG_WARN_OBJC_LITERAL_CONVERSION = YES;
				CLANG_WARN_OBJC_ROOT_CLASS = YES_ERROR;
				CLANG_WARN_QUOTED_INCLUDE_IN_FRAMEWORK_HEADER = YES;
				CLANG_WARN_RANGE_LOOP_ANALYSIS = YES;
				CLANG_WARN_STRICT_PROTOTYPES = YES;
				CLANG_WARN_SUSPICIOUS_MOVE = YES;
				CLANG_WARN_UNGUARDED_AVAILABILITY = YES_AGGRESSIVE;
				CLANG_WARN_UNREACHABLE_CODE = YES;
				CLANG_WARN__DUPLICATE_METHOD_MATCH = YES;
				COPY_PHASE_STRIP = NO;
				DEBUG_INFORMATION_FORMAT = "dwarf-with-dsym";
				ENABLE_NS_ASSERTIONS = NO;
				ENABLE_STRICT_OBJC_MSGSEND = YES;
				ENABLE_USER_SCRIPT_SANDBOXING = YES;
				GCC_C_LANGUAGE_STANDARD = gnu17;
				GCC_NO_COMMON_BLOCKS = YES;
				GCC_WARN_64_TO_32_BIT_CONVERSION = YES;
				GCC_WARN_ABOUT_RETURN_TYPE = YES_ERROR;
				GCC_WARN_UNDECLARED_SELECTOR = YES;
				GCC_WARN_UNINITIALIZED_AUTOS = YES_AGGRESSIVE;
				GCC_WARN_UNUSED_FUNCTION = YES;
				GCC_WARN_UNUSED_VARIABLE = YES;
				IPHONEOS_DEPLOYMENT_TARGET = 17.2;
				LOCALIZATION_PREFERS_STRING_CATALOGS = YES;
				MTL_ENABLE_DEBUG_INFO = NO;
				MTL_FAST_MATH = YES;
				SDKROOT = iphoneos;
				SWIFT_COMPILATION_MODE = wholemodule;
				VALIDATE_PRODUCT = YES;
			};
			name = Release;
		};
		8EECED422B4D9872006AD079 /* Debug */ = {
			isa = XCBuildConfiguration;
			buildSettings = {
				ASSETCATALOG_COMPILER_APPICON_NAME = AppIcon;
				ASSETCATALOG_COMPILER_GLOBAL_ACCENT_COLOR_NAME = AccentColor;
				CODE_SIGN_STYLE = Automatic;
				CURRENT_PROJECT_VERSION = 1;
				DEVELOPMENT_ASSET_PATHS = "\"OfficeTournament/Preview Content\"";
				DEVELOPMENT_TEAM = 2SMFLM66R9;
				ENABLE_PREVIEWS = YES;
				GENERATE_INFOPLIST_FILE = YES;
				INFOPLIST_KEY_LSApplicationCategoryType = "public.app-category.entertainment";
				INFOPLIST_KEY_UIApplicationSceneManifest_Generation = YES;
				INFOPLIST_KEY_UIApplicationSupportsIndirectInputEvents = YES;
				INFOPLIST_KEY_UILaunchScreen_Generation = YES;
				INFOPLIST_KEY_UISupportedInterfaceOrientations = UIInterfaceOrientationPortrait;
				INFOPLIST_KEY_UISupportedInterfaceOrientations_iPad = "UIInterfaceOrientationLandscapeLeft UIInterfaceOrientationLandscapeRight UIInterfaceOrientationPortrait UIInterfaceOrientationPortraitUpsideDown";
				IPHONEOS_DEPLOYMENT_TARGET = 17.0;
				LD_RUNPATH_SEARCH_PATHS = (
					"$(inherited)",
					"@executable_path/Frameworks",
				);
				MARKETING_VERSION = 1.0.0;
				PRODUCT_BUNDLE_IDENTIFIER = no.m31.officetournament;
				PRODUCT_NAME = "$(TARGET_NAME)";
				SUPPORTED_PLATFORMS = "iphoneos iphonesimulator";
				SUPPORTS_MACCATALYST = NO;
				SUPPORTS_MAC_DESIGNED_FOR_IPHONE_IPAD = NO;
				SUPPORTS_XR_DESIGNED_FOR_IPHONE_IPAD = NO;
				SWIFT_EMIT_LOC_STRINGS = YES;
				SWIFT_VERSION = 5.0;
				TARGETED_DEVICE_FAMILY = 1;
			};
			name = Debug;
		};
		8EECED432B4D9872006AD079 /* Release */ = {
			isa = XCBuildConfiguration;
			buildSettings = {
				ASSETCATALOG_COMPILER_APPICON_NAME = AppIcon;
				ASSETCATALOG_COMPILER_GLOBAL_ACCENT_COLOR_NAME = AccentColor;
				CODE_SIGN_STYLE = Automatic;
				CURRENT_PROJECT_VERSION = 1;
				DEVELOPMENT_ASSET_PATHS = "\"OfficeTournament/Preview Content\"";
				DEVELOPMENT_TEAM = 2SMFLM66R9;
				ENABLE_PREVIEWS = YES;
				GENERATE_INFOPLIST_FILE = YES;
				INFOPLIST_KEY_LSApplicationCategoryType = "public.app-category.entertainment";
				INFOPLIST_KEY_UIApplicationSceneManifest_Generation = YES;
				INFOPLIST_KEY_UIApplicationSupportsIndirectInputEvents = YES;
				INFOPLIST_KEY_UILaunchScreen_Generation = YES;
				INFOPLIST_KEY_UISupportedInterfaceOrientations = UIInterfaceOrientationPortrait;
				INFOPLIST_KEY_UISupportedInterfaceOrientations_iPad = "UIInterfaceOrientationLandscapeLeft UIInterfaceOrientationLandscapeRight UIInterfaceOrientationPortrait UIInterfaceOrientationPortraitUpsideDown";
				IPHONEOS_DEPLOYMENT_TARGET = 17.0;
				LD_RUNPATH_SEARCH_PATHS = (
					"$(inherited)",
					"@executable_path/Frameworks",
				);
				MARKETING_VERSION = 1.0.0;
				PRODUCT_BUNDLE_IDENTIFIER = no.m31.officetournament;
				PRODUCT_NAME = "$(TARGET_NAME)";
				SUPPORTED_PLATFORMS = "iphoneos iphonesimulator";
				SUPPORTS_MACCATALYST = NO;
				SUPPORTS_MAC_DESIGNED_FOR_IPHONE_IPAD = NO;
				SUPPORTS_XR_DESIGNED_FOR_IPHONE_IPAD = NO;
				SWIFT_EMIT_LOC_STRINGS = YES;
				SWIFT_VERSION = 5.0;
				TARGETED_DEVICE_FAMILY = 1;
			};
			name = Release;
		};
/* End XCBuildConfiguration section */

/* Begin XCConfigurationList section */
		8EECED2E2B4D9871006AD079 /* Build configuration list for PBXProject "OfficeTournament" */ = {
			isa = XCConfigurationList;
			buildConfigurations = (
				8EECED3F2B4D9872006AD079 /* Debug */,
				8EECED402B4D9872006AD079 /* Release */,
			);
			defaultConfigurationIsVisible = 0;
			defaultConfigurationName = Release;
		};
		8EECED412B4D9872006AD079 /* Build configuration list for PBXNativeTarget "OfficeTournament" */ = {
			isa = XCConfigurationList;
			buildConfigurations = (
				8EECED422B4D9872006AD079 /* Debug */,
				8EECED432B4D9872006AD079 /* Release */,
			);
			defaultConfigurationIsVisible = 0;
			defaultConfigurationName = Release;
		};
/* End XCConfigurationList section */
	};
	rootObject = 8EECED2B2B4D9871006AD079 /* Project object */;
}
